
Microsoft Visual Studio Solution File, Format Version 12.00
# Visual Studio 15
VisualStudioVersion = 15.0.27428.2027
MinimumVisualStudioVersion = 10.0.40219.1
Project("{FAE04EC0-301F-11D3-BF4B-00C04F79EFBC}") = "PetsDatabase", "PetsDatabase\PetsDatabase.csproj", "{47E5F824-049C-40CE-BED3-16585CDC0A31}"
EndProject
Project("{FAE04EC0-301F-11D3-BF4B-00C04F79EFBC}") = "PetsTests", "PetsTests\PetsTests.csproj", "{1FBC9845-AB7B-4E66-A12F-3F30E6B6F75E}"
EndProject
Global
	GlobalSection(SolutionConfigurationPlatforms) = preSolution
		Debug|Any CPU = Debug|Any CPU
		Release|Any CPU = Release|Any CPU
	EndGlobalSection
	GlobalSection(ProjectConfigurationPlatforms) = postSolution
		{47E5F824-049C-40CE-BED3-16585CDC0A31}.Debug|Any CPU.ActiveCfg = Debug|Any CPU
		{47E5F824-049C-40CE-BED3-16585CDC0A31}.Debug|Any CPU.Build.0 = Debug|Any CPU
		{47E5F824-049C-40CE-BED3-16585CDC0A31}.Release|Any CPU.ActiveCfg = Release|Any CPU
		{47E5F824-049C-40CE-BED3-16585CDC0A31}.Release|Any CPU.Build.0 = Release|Any CPU
		{1FBC9845-AB7B-4E66-A12F-3F30E6B6F75E}.Debug|Any CPU.ActiveCfg = Debug|Any CPU
		{1FBC9845-AB7B-4E66-A12F-3F30E6B6F75E}.Debug|Any CPU.Build.0 = Debug|Any CPU
		{1FBC9845-AB7B-4E66-A12F-3F30E6B6F75E}.Release|Any CPU.ActiveCfg = Release|Any CPU
		{1FBC9845-AB7B-4E66-A12F-3F30E6B6F75E}.Release|Any CPU.Build.0 = Release|Any CPU
	EndGlobalSection
	GlobalSection(SolutionProperties) = preSolution
		HideSolutionNode = FALSE
	EndGlobalSection
	GlobalSection(ExtensibilityGlobals) = postSolution
		SolutionGuid = {87637938-2205-451C-B8C0-88B601D56AA9}
	EndGlobalSection
EndGlobal
